
Microsoft Visual Studio Solution File, Format Version 12.00
# Visual Studio Version 17
VisualStudioVersion = 17.4.33110.190
MinimumVisualStudioVersion = 10.0.40219.1
Project("{FAE04EC0-301F-11D3-BF4B-00C04F79EFBC}") = "TCPChatServer", "TCPChatServer\TCPChatServer.csproj", "{5598F8B2-4094-465A-A211-78939C685254}"
EndProject
Project("{FAE04EC0-301F-11D3-BF4B-00C04F79EFBC}") = "TCPChatMessenger", "TCPChatMessenger\TCPChatMessenger.csproj", "{DBEA7AE6-A9DF-4FDF-B317-174453AAC217}"
EndProject
Project("{FAE04EC0-301F-11D3-BF4B-00C04F79EFBC}") = "TCPChatViewer", "TCPChatViewer\TCPChatViewer.csproj", "{0F3D3A1F-F9F7-4C1B-AE74-53263C26E6E6}"
EndProject
Global
	GlobalSection(SolutionConfigurationPlatforms) = preSolution
		Debug|Any CPU = Debug|Any CPU
		Release|Any CPU = Release|Any CPU
	EndGlobalSection
	GlobalSection(ProjectConfigurationPlatforms) = postSolution
		{5598F8B2-4094-465A-A211-78939C685254}.Debug|Any CPU.ActiveCfg = Debug|Any CPU
		{5598F8B2-4094-465A-A211-78939C685254}.Debug|Any CPU.Build.0 = Debug|Any CPU
		{5598F8B2-4094-465A-A211-78939C685254}.Release|Any CPU.ActiveCfg = Release|Any CPU
		{5598F8B2-4094-465A-A211-78939C685254}.Release|Any CPU.Build.0 = Release|Any CPU
		{DBEA7AE6-A9DF-4FDF-B317-174453AAC217}.Debug|Any CPU.ActiveCfg = Debug|Any CPU
		{DBEA7AE6-A9DF-4FDF-B317-174453AAC217}.Debug|Any CPU.Build.0 = Debug|Any CPU
		{DBEA7AE6-A9DF-4FDF-B317-174453AAC217}.Release|Any CPU.ActiveCfg = Release|Any CPU
		{DBEA7AE6-A9DF-4FDF-B317-174453AAC217}.Release|Any CPU.Build.0 = Release|Any CPU
		{0F3D3A1F-F9F7-4C1B-AE74-53263C26E6E6}.Debug|Any CPU.ActiveCfg = Debug|Any CPU
		{0F3D3A1F-F9F7-4C1B-AE74-53263C26E6E6}.Debug|Any CPU.Build.0 = Debug|Any CPU
		{0F3D3A1F-F9F7-4C1B-AE74-53263C26E6E6}.Release|Any CPU.ActiveCfg = Release|Any CPU
		{0F3D3A1F-F9F7-4C1B-AE74-53263C26E6E6}.Release|Any CPU.Build.0 = Release|Any CPU
	EndGlobalSection
	GlobalSection(SolutionProperties) = preSolution
		HideSolutionNode = FALSE
	EndGlobalSection
	GlobalSection(ExtensibilityGlobals) = postSolution
		SolutionGuid = {F60BD12A-BDB4-499C-8DD7-029D4FD91AC4}
	EndGlobalSection
EndGlobal
